
Microsoft Visual Studio Solution File, Format Version 12.00
# Visual Studio 14
VisualStudioVersion = 14.0.25420.1
MinimumVisualStudioVersion = 10.0.40219.1
Project("{FAE04EC0-301F-11D3-BF4B-00C04F79EFBC}") = "NModbus4", "NModbus4\NModbus4.csproj", "{5529949B-519C-4E27-AC29-A25F53250E40}"
EndProject
Project("{FAE04EC0-301F-11D3-BF4B-00C04F79EFBC}") = "Anda.Fluid.Infrastructure.International", "Anda.Fluid.Infrastructure.International\Anda.Fluid.Infrastructure.International.csproj", "{DBF0692E-069C-40E6-9350-2D4B9C99CFEF}"
EndProject
Project("{FAE04EC0-301F-11D3-BF4B-00C04F79EFBC}") = "Anda.Fluid.Infrastructure", "Anda.Fluid.Infrastructure\Anda.Fluid.Infrastructure.csproj", "{DBE6C851-970E-467C-A8EF-C99906EF613D}"
EndProject
Project("{FAE04EC0-301F-11D3-BF4B-00C04F79EFBC}") = "Anda.Fluid.Drive.Vision", "Anda.Fluid.Drive.Vision\Anda.Fluid.Drive.Vision.csproj", "{0C537A8E-23A6-4DE1-9F51-38DBF0662A2D}"
EndProject
Project("{FAE04EC0-301F-11D3-BF4B-00C04F79EFBC}") = "Anda.Fluid.Drive.Sensors", "Anda.Fluid.Drive.Sensors\Anda.Fluid.Drive.Sensors.csproj", "{F1BB4FC7-9299-4469-B1D7-CBEDCFA3BE1B}"
EndProject
Project("{FAE04EC0-301F-11D3-BF4B-00C04F79EFBC}") = "Anda.Fluid.Drive.Motion", "Anda.Fluid.Drive.Motion\Anda.Fluid.Drive.Motion.csproj", "{2914D333-9405-4E5A-92A8-239DA6A7F894}"
EndProject
Project("{FAE04EC0-301F-11D3-BF4B-00C04F79EFBC}") = "Anda.Fluid.Drive.Conveyor", "Anda.Fluid.Drive.Conveyor\Anda.Fluid.Drive.Conveyor.csproj", "{8F0EBA1B-24B5-4698-9663-5482D0766AFF}"
EndProject
Project("{FAE04EC0-301F-11D3-BF4B-00C04F79EFBC}") = "Anda.Fluid.Drive", "Anda.Fluid.Drive\Anda.Fluid.Drive.csproj", "{6FFC6A0B-66F0-410C-B65A-A0109C47DE33}"
EndProject
Project("{FAE04EC0-301F-11D3-BF4B-00C04F79EFBC}") = "Anda.Fluid.Domain.Vision", "Anda.Fluid.Domain.Vision\Anda.Fluid.Domain.Vision.csproj", "{08B75814-3069-4AF0-9070-F29B6CD21A78}"
EndProject
Project("{FAE04EC0-301F-11D3-BF4B-00C04F79EFBC}") = "Anda.Fluid.Domain.SVO", "Anda.Fluid.Domain.SVO\Anda.Fluid.Domain.SVO.csproj", "{603BBC29-36C5-4E66-B901-4415434BEA76}"
EndProject
Project("{FAE04EC0-301F-11D3-BF4B-00C04F79EFBC}") = "Anda.Fluid.Domain.Sensors", "Anda.Fluid.Domain.Sensors\Anda.Fluid.Domain.Sensors.csproj", "{7176C536-C6D0-4787-9AD4-C3269491FE99}"
EndProject
Project("{FAE04EC0-301F-11D3-BF4B-00C04F79EFBC}") = "Anda.Fluid.Domain.Motion", "Anda.Fluid.Domain.Motion\Anda.Fluid.Domain.Motion.csproj", "{4688FDE7-A0AC-4E13-B031-030F1D218670}"
EndProject
Project("{FAE04EC0-301F-11D3-BF4B-00C04F79EFBC}") = "Anda.FLuid.Domain.DrawingPanel", "Anda.Fluid.Domain.DrawingPanel\Anda.FLuid.Domain.DrawingPanel.csproj", "{7DCDE44F-7755-4FF5-A6A7-98390B89A1AA}"
EndProject
Project("{FAE04EC0-301F-11D3-BF4B-00C04F79EFBC}") = "Anda.Fluid.Domain.Dialogs", "Anda.Fluid.Domain.Dialogs\Anda.Fluid.Domain.Dialogs.csproj", "{F1E6D8D9-9407-4D9A-80CD-5A97A13775E8}"
EndProject
Project("{FAE04EC0-301F-11D3-BF4B-00C04F79EFBC}") = "Anda.Fluid.Domain.DataStatistics", "Anda.Fluid.Domain.DataStatistics\Anda.Fluid.Domain.DataStatistics.csproj", "{18A55FF6-4153-4F58-9D61-0C26D78C43E1}"
EndProject
Project("{FAE04EC0-301F-11D3-BF4B-00C04F79EFBC}") = "Anda.Fluid.Domain.Data", "Anda.Fluid.Domain.Data\Anda.Fluid.Domain.Data.csproj", "{CE5FE923-9D94-47EE-BA5A-C6943785C847}"
EndProject
Project("{FAE04EC0-301F-11D3-BF4B-00C04F79EFBC}") = "Anda.Fluid.Domain.Conveyor", "Anda.Fluid.Domain.Conveyor\Anda.Fluid.Domain.Conveyor.csproj", "{8AFDBABB-1AF3-405C-B11A-C10BA4AE1F21}"
EndProject
Project("{FAE04EC0-301F-11D3-BF4B-00C04F79EFBC}") = "Anda.Fluid.Domain.AccessControl", "Anda.Fluid.Domain.AccessControl\Anda.Fluid.Domain.AccessControl.csproj", "{F0BBE37E-B4C0-4D3B-AAF0-524D39973622}"
EndProject
Project("{FAE04EC0-301F-11D3-BF4B-00C04F79EFBC}") = "Anda.Fluid.Domain", "Anda.Fluid.Domain\Anda.Fluid.Domain.csproj", "{18A8E080-CFCE-4DD0-BD52-7C979195446E}"
EndProject
Project("{FAE04EC0-301F-11D3-BF4B-00C04F79EFBC}") = "Anda.Fluid.Infrastructure.Controls", "Anda.Fluid.Controls\Anda.Fluid.Infrastructure.Controls.csproj", "{63AC44EE-28F1-47DC-B259-F8F47D5CB9C1}"
EndProject
Project("{FAE04EC0-301F-11D3-BF4B-00C04F79EFBC}") = "Anda.Fluid.App.Metro", "Anda.Fluid.App.Metro\Anda.Fluid.App.Metro.csproj", "{B805D508-C5EF-444D-A7B8-F67BFEB1CEA3}"
EndProject
Project("{FAE04EC0-301F-11D3-BF4B-00C04F79EFBC}") = "Anda.Fluid.App.Main", "Anda.Fluid.App.Main\Anda.Fluid.App.Main.csproj", "{C359AF34-62FD-4637-B6FB-D82963300F75}"
EndProject
Project("{FAE04EC0-301F-11D3-BF4B-00C04F79EFBC}") = "Anda.Fluid.App", "Anda.Fluid.App\Anda.Fluid.App.csproj", "{F0EE7763-439D-4752-AA0E-F8366DF2F29F}"
EndProject
Global
	GlobalSection(SolutionConfigurationPlatforms) = preSolution
		Debug|Any CPU = Debug|Any CPU
		Debug|x64 = Debug|x64
		Debug|x86 = Debug|x86
		Release|Any CPU = Release|Any CPU
		Release|x64 = Release|x64
		Release|x86 = Release|x86
	EndGlobalSection
	GlobalSection(ProjectConfigurationPlatforms) = postSolution
		{5529949B-519C-4E27-AC29-A25F53250E40}.Debug|Any CPU.ActiveCfg = Debug|Any CPU
		{5529949B-519C-4E27-AC29-A25F53250E40}.Debug|Any CPU.Build.0 = Debug|Any CPU
		{5529949B-519C-4E27-AC29-A25F53250E40}.Debug|x64.ActiveCfg = Debug|Any CPU
		{5529949B-519C-4E27-AC29-A25F53250E40}.Debug|x64.Build.0 = Debug|Any CPU
		{5529949B-519C-4E27-AC29-A25F53250E40}.Debug|x86.ActiveCfg = Debug|Any CPU
		{5529949B-519C-4E27-AC29-A25F53250E40}.Debug|x86.Build.0 = Debug|Any CPU
		{5529949B-519C-4E27-AC29-A25F53250E40}.Release|Any CPU.ActiveCfg = Release|Any CPU
		{5529949B-519C-4E27-AC29-A25F53250E40}.Release|Any CPU.Build.0 = Release|Any CPU
		{5529949B-519C-4E27-AC29-A25F53250E40}.Release|x64.ActiveCfg = Release|Any CPU
		{5529949B-519C-4E27-AC29-A25F53250E40}.Release|x64.Build.0 = Release|Any CPU
		{5529949B-519C-4E27-AC29-A25F53250E40}.Release|x86.ActiveCfg = Release|Any CPU
		{5529949B-519C-4E27-AC29-A25F53250E40}.Release|x86.Build.0 = Release|Any CPU
		{DBF0692E-069C-40E6-9350-2D4B9C99CFEF}.Debug|Any CPU.ActiveCfg = Debug|Any CPU
		{DBF0692E-069C-40E6-9350-2D4B9C99CFEF}.Debug|Any CPU.Build.0 = Debug|Any CPU
		{DBF0692E-069C-40E6-9350-2D4B9C99CFEF}.Debug|x64.ActiveCfg = Debug|Any CPU
		{DBF0692E-069C-40E6-9350-2D4B9C99CFEF}.Debug|x64.Build.0 = Debug|Any CPU
		{DBF0692E-069C-40E6-9350-2D4B9C99CFEF}.Debug|x86.ActiveCfg = Debug|x86
		{DBF0692E-069C-40E6-9350-2D4B9C99CFEF}.Debug|x86.Build.0 = Debug|x86
		{DBF0692E-069C-40E6-9350-2D4B9C99CFEF}.Release|Any CPU.ActiveCfg = Release|Any CPU
		{DBF0692E-069C-40E6-9350-2D4B9C99CFEF}.Release|Any CPU.Build.0 = Release|Any CPU
		{DBF0692E-069C-40E6-9350-2D4B9C99CFEF}.Release|x64.ActiveCfg = Release|Any CPU
		{DBF0692E-069C-40E6-9350-2D4B9C99CFEF}.Release|x64.Build.0 = Release|Any CPU
		{DBF0692E-069C-40E6-9350-2D4B9C99CFEF}.Release|x86.ActiveCfg = Release|x86
		{DBF0692E-069C-40E6-9350-2D4B9C99CFEF}.Release|x86.Build.0 = Release|x86
		{DBE6C851-970E-467C-A8EF-C99906EF613D}.Debug|Any CPU.ActiveCfg = Debug|Any CPU
		{DBE6C851-970E-467C-A8EF-C99906EF613D}.Debug|Any CPU.Build.0 = Debug|Any CPU
		{DBE6C851-970E-467C-A8EF-C99906EF613D}.Debug|x64.ActiveCfg = Debug|x64
		{DBE6C851-970E-467C-A8EF-C99906EF613D}.Debug|x64.Build.0 = Debug|x64
		{DBE6C851-970E-467C-A8EF-C99906EF613D}.Debug|x86.ActiveCfg = Debug|x86
		{DBE6C851-970E-467C-A8EF-C99906EF613D}.Debug|x86.Build.0 = Debug|x86
		{DBE6C851-970E-467C-A8EF-C99906EF613D}.Release|Any CPU.ActiveCfg = Release|Any CPU
		{DBE6C851-970E-467C-A8EF-C99906EF613D}.Release|Any CPU.Build.0 = Release|Any CPU
		{DBE6C851-970E-467C-A8EF-C99906EF613D}.Release|x64.ActiveCfg = Release|x64
		{DBE6C851-970E-467C-A8EF-C99906EF613D}.Release|x64.Build.0 = Release|x64
		{DBE6C851-970E-467C-A8EF-C99906EF613D}.Release|x86.ActiveCfg = Release|x86
		{DBE6C851-970E-467C-A8EF-C99906EF613D}.Release|x86.Build.0 = Release|x86
		{0C537A8E-23A6-4DE1-9F51-38DBF0662A2D}.Debug|Any CPU.ActiveCfg = Debug|Any CPU
		{0C537A8E-23A6-4DE1-9F51-38DBF0662A2D}.Debug|Any CPU.Build.0 = Debug|Any CPU
		{0C537A8E-23A6-4DE1-9F51-38DBF0662A2D}.Debug|x64.ActiveCfg = Debug|Any CPU
		{0C537A8E-23A6-4DE1-9F51-38DBF0662A2D}.Debug|x64.Build.0 = Debug|Any CPU
		{0C537A8E-23A6-4DE1-9F51-38DBF0662A2D}.Debug|x86.ActiveCfg = Debug|x86
		{0C537A8E-23A6-4DE1-9F51-38DBF0662A2D}.Debug|x86.Build.0 = Debug|x86
		{0C537A8E-23A6-4DE1-9F51-38DBF0662A2D}.Release|Any CPU.ActiveCfg = Release|Any CPU
		{0C537A8E-23A6-4DE1-9F51-38DBF0662A2D}.Release|Any CPU.Build.0 = Release|Any CPU
		{0C537A8E-23A6-4DE1-9F51-38DBF0662A2D}.Release|x64.ActiveCfg = Release|Any CPU
		{0C537A8E-23A6-4DE1-9F51-38DBF0662A2D}.Release|x64.Build.0 = Release|Any CPU
		{0C537A8E-23A6-4DE1-9F51-38DBF0662A2D}.Release|x86.ActiveCfg = Release|x86
		{0C537A8E-23A6-4DE1-9F51-38DBF0662A2D}.Release|x86.Build.0 = Release|x86
		{F1BB4FC7-9299-4469-B1D7-CBEDCFA3BE1B}.Debug|Any CPU.ActiveCfg = Debug|Any CPU
		{F1BB4FC7-9299-4469-B1D7-CBEDCFA3BE1B}.Debug|Any CPU.Build.0 = Debug|Any CPU
		{F1BB4FC7-9299-4469-B1D7-CBEDCFA3BE1B}.Debug|x64.ActiveCfg = Debug|Any CPU
		{F1BB4FC7-9299-4469-B1D7-CBEDCFA3BE1B}.Debug|x64.Build.0 = Debug|Any CPU
		{F1BB4FC7-9299-4469-B1D7-CBEDCFA3BE1B}.Debug|x86.ActiveCfg = Debug|x86
		{F1BB4FC7-9299-4469-B1D7-CBEDCFA3BE1B}.Debug|x86.Build.0 = Debug|x86
		{F1BB4FC7-9299-4469-B1D7-CBEDCFA3BE1B}.Release|Any CPU.ActiveCfg = Release|Any CPU
		{F1BB4FC7-9299-4469-B1D7-CBEDCFA3BE1B}.Release|Any CPU.Build.0 = Release|Any CPU
		{F1BB4FC7-9299-4469-B1D7-CBEDCFA3BE1B}.Release|x64.ActiveCfg = Release|Any CPU
		{F1BB4FC7-9299-4469-B1D7-CBEDCFA3BE1B}.Release|x64.Build.0 = Release|Any CPU
		{F1BB4FC7-9299-4469-B1D7-CBEDCFA3BE1B}.Release|x86.ActiveCfg = Release|x86
		{F1BB4FC7-9299-4469-B1D7-CBEDCFA3BE1B}.Release|x86.Build.0 = Release|x86
		{2914D333-9405-4E5A-92A8-239DA6A7F894}.Debug|Any CPU.ActiveCfg = Debug|Any CPU
		{2914D333-9405-4E5A-92A8-239DA6A7F894}.Debug|Any CPU.Build.0 = Debug|Any CPU
		{2914D333-9405-4E5A-92A8-239DA6A7F894}.Debug|x64.ActiveCfg = Debug|Any CPU
		{2914D333-9405-4E5A-92A8-239DA6A7F894}.Debug|x64.Build.0 = Debug|Any CPU
		{2914D333-9405-4E5A-92A8-239DA6A7F894}.Debug|x86.ActiveCfg = Debug|x86
		{2914D333-9405-4E5A-92A8-239DA6A7F894}.Debug|x86.Build.0 = Debug|x86
		{2914D333-9405-4E5A-92A8-239DA6A7F894}.Release|Any CPU.ActiveCfg = Release|Any CPU
		{2914D333-9405-4E5A-92A8-239DA6A7F894}.Release|Any CPU.Build.0 = Release|Any CPU
		{2914D333-9405-4E5A-92A8-239DA6A7F894}.Release|x64.ActiveCfg = Release|Any CPU
		{2914D333-9405-4E5A-92A8-239DA6A7F894}.Release|x64.Build.0 = Release|Any CPU
		{2914D333-9405-4E5A-92A8-239DA6A7F894}.Release|x86.ActiveCfg = Release|x86
		{2914D333-9405-4E5A-92A8-239DA6A7F894}.Release|x86.Build.0 = Release|x86
		{8F0EBA1B-24B5-4698-9663-5482D0766AFF}.Debug|Any CPU.ActiveCfg = Debug|Any CPU
		{8F0EBA1B-24B5-4698-9663-5482D0766AFF}.Debug|Any CPU.Build.0 = Debug|Any CPU
		{8F0EBA1B-24B5-4698-9663-5482D0766AFF}.Debug|x64.ActiveCfg = Debug|Any CPU
		{8F0EBA1B-24B5-4698-9663-5482D0766AFF}.Debug|x64.Build.0 = Debug|Any CPU
		{8F0EBA1B-24B5-4698-9663-5482D0766AFF}.Debug|x86.ActiveCfg = Debug|x86
		{8F0EBA1B-24B5-4698-9663-5482D0766AFF}.Debug|x86.Build.0 = Debug|x86
		{8F0EBA1B-24B5-4698-9663-5482D0766AFF}.Release|Any CPU.ActiveCfg = Release|Any CPU
		{8F0EBA1B-24B5-4698-9663-5482D0766AFF}.Release|Any CPU.Build.0 = Release|Any CPU
		{8F0EBA1B-24B5-4698-9663-5482D0766AFF}.Release|x64.ActiveCfg = Release|Any CPU
		{8F0EBA1B-24B5-4698-9663-5482D0766AFF}.Release|x64.Build.0 = Release|Any CPU
		{8F0EBA1B-24B5-4698-9663-5482D0766AFF}.Release|x86.ActiveCfg = Release|x86
		{8F0EBA1B-24B5-4698-9663-5482D0766AFF}.Release|x86.Build.0 = Release|x86
		{6FFC6A0B-66F0-410C-B65A-A0109C47DE33}.Debug|Any CPU.ActiveCfg = Debug|Any CPU
		{6FFC6A0B-66F0-410C-B65A-A0109C47DE33}.Debug|Any CPU.Build.0 = Debug|Any CPU
		{6FFC6A0B-66F0-410C-B65A-A0109C47DE33}.Debug|x64.ActiveCfg = Debug|Any CPU
		{6FFC6A0B-66F0-410C-B65A-A0109C47DE33}.Debug|x64.Build.0 = Debug|Any CPU
		{6FFC6A0B-66F0-410C-B65A-A0109C47DE33}.Debug|x86.ActiveCfg = Debug|x86
		{6FFC6A0B-66F0-410C-B65A-A0109C47DE33}.Debug|x86.Build.0 = Debug|x86
		{6FFC6A0B-66F0-410C-B65A-A0109C47DE33}.Release|Any CPU.ActiveCfg = Release|Any CPU
		{6FFC6A0B-66F0-410C-B65A-A0109C47DE33}.Release|Any CPU.Build.0 = Release|Any CPU
		{6FFC6A0B-66F0-410C-B65A-A0109C47DE33}.Release|x64.ActiveCfg = Release|Any CPU
		{6FFC6A0B-66F0-410C-B65A-A0109C47DE33}.Release|x64.Build.0 = Release|Any CPU
		{6FFC6A0B-66F0-410C-B65A-A0109C47DE33}.Release|x86.ActiveCfg = Release|x86
		{6FFC6A0B-66F0-410C-B65A-A0109C47DE33}.Release|x86.Build.0 = Release|x86
		{08B75814-3069-4AF0-9070-F29B6CD21A78}.Debug|Any CPU.ActiveCfg = Debug|Any CPU
		{08B75814-3069-4AF0-9070-F29B6CD21A78}.Debug|Any CPU.Build.0 = Debug|Any CPU
		{08B75814-3069-4AF0-9070-F29B6CD21A78}.Debug|x64.ActiveCfg = Debug|Any CPU
		{08B75814-3069-4AF0-9070-F29B6CD21A78}.Debug|x64.Build.0 = Debug|Any CPU
		{08B75814-3069-4AF0-9070-F29B6CD21A78}.Debug|x86.ActiveCfg = Debug|x86
		{08B75814-3069-4AF0-9070-F29B6CD21A78}.Debug|x86.Build.0 = Debug|x86
		{08B75814-3069-4AF0-9070-F29B6CD21A78}.Release|Any CPU.ActiveCfg = Release|Any CPU
		{08B75814-3069-4AF0-9070-F29B6CD21A78}.Release|Any CPU.Build.0 = Release|Any CPU
		{08B75814-3069-4AF0-9070-F29B6CD21A78}.Release|x64.ActiveCfg = Release|Any CPU
		{08B75814-3069-4AF0-9070-F29B6CD21A78}.Release|x64.Build.0 = Release|Any CPU
		{08B75814-3069-4AF0-9070-F29B6CD21A78}.Release|x86.ActiveCfg = Release|x86
		{08B75814-3069-4AF0-9070-F29B6CD21A78}.Release|x86.Build.0 = Release|x86
		{603BBC29-36C5-4E66-B901-4415434BEA76}.Debug|Any CPU.ActiveCfg = Debug|Any CPU
		{603BBC29-36C5-4E66-B901-4415434BEA76}.Debug|Any CPU.Build.0 = Debug|Any CPU
		{603BBC29-36C5-4E66-B901-4415434BEA76}.Debug|x64.ActiveCfg = Debug|Any CPU
		{603BBC29-36C5-4E66-B901-4415434BEA76}.Debug|x64.Build.0 = Debug|Any CPU
		{603BBC29-36C5-4E66-B901-4415434BEA76}.Debug|x86.ActiveCfg = Debug|x86
		{603BBC29-36C5-4E66-B901-4415434BEA76}.Debug|x86.Build.0 = Debug|x86
		{603BBC29-36C5-4E66-B901-4415434BEA76}.Release|Any CPU.ActiveCfg = Release|Any CPU
		{603BBC29-36C5-4E66-B901-4415434BEA76}.Release|Any CPU.Build.0 = Release|Any CPU
		{603BBC29-36C5-4E66-B901-4415434BEA76}.Release|x64.ActiveCfg = Release|Any CPU
		{603BBC29-36C5-4E66-B901-4415434BEA76}.Release|x64.Build.0 = Release|Any CPU
		{603BBC29-36C5-4E66-B901-4415434BEA76}.Release|x86.ActiveCfg = Release|x86
		{603BBC29-36C5-4E66-B901-4415434BEA76}.Release|x86.Build.0 = Release|x86
		{7176C536-C6D0-4787-9AD4-C3269491FE99}.Debug|Any CPU.ActiveCfg = Debug|Any CPU
		{7176C536-C6D0-4787-9AD4-C3269491FE99}.Debug|Any CPU.Build.0 = Debug|Any CPU
		{7176C536-C6D0-4787-9AD4-C3269491FE99}.Debug|x64.ActiveCfg = Debug|Any CPU
		{7176C536-C6D0-4787-9AD4-C3269491FE99}.Debug|x64.Build.0 = Debug|Any CPU
		{7176C536-C6D0-4787-9AD4-C3269491FE99}.Debug|x86.ActiveCfg = Debug|x86
		{7176C536-C6D0-4787-9AD4-C3269491FE99}.Debug|x86.Build.0 = Debug|x86
		{7176C536-C6D0-4787-9AD4-C3269491FE99}.Release|Any CPU.ActiveCfg = Release|Any CPU
		{7176C536-C6D0-4787-9AD4-C3269491FE99}.Release|Any CPU.Build.0 = Release|Any CPU
		{7176C536-C6D0-4787-9AD4-C3269491FE99}.Release|x64.ActiveCfg = Release|Any CPU
		{7176C536-C6D0-4787-9AD4-C3269491FE99}.Release|x64.Build.0 = Release|Any CPU
		{7176C536-C6D0-4787-9AD4-C3269491FE99}.Release|x86.ActiveCfg = Release|x86
		{7176C536-C6D0-4787-9AD4-C3269491FE99}.Release|x86.Build.0 = Release|x86
		{4688FDE7-A0AC-4E13-B031-030F1D218670}.Debug|Any CPU.ActiveCfg = Debug|Any CPU
		{4688FDE7-A0AC-4E13-B031-030F1D218670}.Debug|Any CPU.Build.0 = Debug|Any CPU
		{4688FDE7-A0AC-4E13-B031-030F1D218670}.Debug|x64.ActiveCfg = Debug|Any CPU
		{4688FDE7-A0AC-4E13-B031-030F1D218670}.Debug|x64.Build.0 = Debug|Any CPU
		{4688FDE7-A0AC-4E13-B031-030F1D218670}.Debug|x86.ActiveCfg = Debug|x86
		{4688FDE7-A0AC-4E13-B031-030F1D218670}.Debug|x86.Build.0 = Debug|x86
		{4688FDE7-A0AC-4E13-B031-030F1D218670}.Release|Any CPU.ActiveCfg = Release|Any CPU
		{4688FDE7-A0AC-4E13-B031-030F1D218670}.Release|Any CPU.Build.0 = Release|Any CPU
		{4688FDE7-A0AC-4E13-B031-030F1D218670}.Release|x64.ActiveCfg = Release|Any CPU
		{4688FDE7-A0AC-4E13-B031-030F1D218670}.Release|x64.Build.0 = Release|Any CPU
		{4688FDE7-A0AC-4E13-B031-030F1D218670}.Release|x86.ActiveCfg = Release|x86
		{4688FDE7-A0AC-4E13-B031-030F1D218670}.Release|x86.Build.0 = Release|x86
		{7DCDE44F-7755-4FF5-A6A7-98390B89A1AA}.Debug|Any CPU.ActiveCfg = Debug|Any CPU
		{7DCDE44F-7755-4FF5-A6A7-98390B89A1AA}.Debug|Any CPU.Build.0 = Debug|Any CPU
		{7DCDE44F-7755-4FF5-A6A7-98390B89A1AA}.Debug|x64.ActiveCfg = Debug|Any CPU
		{7DCDE44F-7755-4FF5-A6A7-98390B89A1AA}.Debug|x64.Build.0 = Debug|Any CPU
		{7DCDE44F-7755-4FF5-A6A7-98390B89A1AA}.Debug|x86.ActiveCfg = Debug|x86
		{7DCDE44F-7755-4FF5-A6A7-98390B89A1AA}.Debug|x86.Build.0 = Debug|x86
		{7DCDE44F-7755-4FF5-A6A7-98390B89A1AA}.Release|Any CPU.ActiveCfg = Release|Any CPU
		{7DCDE44F-7755-4FF5-A6A7-98390B89A1AA}.Release|Any CPU.Build.0 = Release|Any CPU
		{7DCDE44F-7755-4FF5-A6A7-98390B89A1AA}.Release|x64.ActiveCfg = Release|Any CPU
		{7DCDE44F-7755-4FF5-A6A7-98390B89A1AA}.Release|x64.Build.0 = Release|Any CPU
		{7DCDE44F-7755-4FF5-A6A7-98390B89A1AA}.Release|x86.ActiveCfg = Release|x86
		{7DCDE44F-7755-4FF5-A6A7-98390B89A1AA}.Release|x86.Build.0 = Release|x86
		{F1E6D8D9-9407-4D9A-80CD-5A97A13775E8}.Debug|Any CPU.ActiveCfg = Debug|Any CPU
		{F1E6D8D9-9407-4D9A-80CD-5A97A13775E8}.Debug|Any CPU.Build.0 = Debug|Any CPU
		{F1E6D8D9-9407-4D9A-80CD-5A97A13775E8}.Debug|x64.ActiveCfg = Debug|Any CPU
		{F1E6D8D9-9407-4D9A-80CD-5A97A13775E8}.Debug|x64.Build.0 = Debug|Any CPU
		{F1E6D8D9-9407-4D9A-80CD-5A97A13775E8}.Debug|x86.ActiveCfg = Debug|x86
		{F1E6D8D9-9407-4D9A-80CD-5A97A13775E8}.Debug|x86.Build.0 = Debug|x86
		{F1E6D8D9-9407-4D9A-80CD-5A97A13775E8}.Release|Any CPU.ActiveCfg = Release|Any CPU
		{F1E6D8D9-9407-4D9A-80CD-5A97A13775E8}.Release|Any CPU.Build.0 = Release|Any CPU
		{F1E6D8D9-9407-4D9A-80CD-5A97A13775E8}.Release|x64.ActiveCfg = Release|Any CPU
		{F1E6D8D9-9407-4D9A-80CD-5A97A13775E8}.Release|x64.Build.0 = Release|Any CPU
		{F1E6D8D9-9407-4D9A-80CD-5A97A13775E8}.Release|x86.ActiveCfg = Release|x86
		{F1E6D8D9-9407-4D9A-80CD-5A97A13775E8}.Release|x86.Build.0 = Release|x86
		{18A55FF6-4153-4F58-9D61-0C26D78C43E1}.Debug|Any CPU.ActiveCfg = Debug|Any CPU
		{18A55FF6-4153-4F58-9D61-0C26D78C43E1}.Debug|Any CPU.Build.0 = Debug|Any CPU
		{18A55FF6-4153-4F58-9D61-0C26D78C43E1}.Debug|x64.ActiveCfg = Debug|Any CPU
		{18A55FF6-4153-4F58-9D61-0C26D78C43E1}.Debug|x64.Build.0 = Debug|Any CPU
		{18A55FF6-4153-4F58-9D61-0C26D78C43E1}.Debug|x86.ActiveCfg = Debug|x86
		{18A55FF6-4153-4F58-9D61-0C26D78C43E1}.Debug|x86.Build.0 = Debug|x86
		{18A55FF6-4153-4F58-9D61-0C26D78C43E1}.Release|Any CPU.ActiveCfg = Release|Any CPU
		{18A55FF6-4153-4F58-9D61-0C26D78C43E1}.Release|Any CPU.Build.0 = Release|Any CPU
		{18A55FF6-4153-4F58-9D61-0C26D78C43E1}.Release|x64.ActiveCfg = Release|Any CPU
		{18A55FF6-4153-4F58-9D61-0C26D78C43E1}.Release|x64.Build.0 = Release|Any CPU
		{18A55FF6-4153-4F58-9D61-0C26D78C43E1}.Release|x86.ActiveCfg = Release|x86
		{18A55FF6-4153-4F58-9D61-0C26D78C43E1}.Release|x86.Build.0 = Release|x86
		{CE5FE923-9D94-47EE-BA5A-C6943785C847}.Debug|Any CPU.ActiveCfg = Debug|Any CPU
		{CE5FE923-9D94-47EE-BA5A-C6943785C847}.Debug|Any CPU.Build.0 = Debug|Any CPU
		{CE5FE923-9D94-47EE-BA5A-C6943785C847}.Debug|x64.ActiveCfg = Debug|Any CPU
		{CE5FE923-9D94-47EE-BA5A-C6943785C847}.Debug|x64.Build.0 = Debug|Any CPU
		{CE5FE923-9D94-47EE-BA5A-C6943785C847}.Debug|x86.ActiveCfg = Debug|x86
		{CE5FE923-9D94-47EE-BA5A-C6943785C847}.Debug|x86.Build.0 = Debug|x86
		{CE5FE923-9D94-47EE-BA5A-C6943785C847}.Release|Any CPU.ActiveCfg = Release|Any CPU
		{CE5FE923-9D94-47EE-BA5A-C6943785C847}.Release|Any CPU.Build.0 = Release|Any CPU
		{CE5FE923-9D94-47EE-BA5A-C6943785C847}.Release|x64.ActiveCfg = Release|Any CPU
		{CE5FE923-9D94-47EE-BA5A-C6943785C847}.Release|x64.Build.0 = Release|Any CPU
		{CE5FE923-9D94-47EE-BA5A-C6943785C847}.Release|x86.ActiveCfg = Release|x86
		{CE5FE923-9D94-47EE-BA5A-C6943785C847}.Release|x86.Build.0 = Release|x86
		{8AFDBABB-1AF3-405C-B11A-C10BA4AE1F21}.Debug|Any CPU.ActiveCfg = Debug|Any CPU
		{8AFDBABB-1AF3-405C-B11A-C10BA4AE1F21}.Debug|Any CPU.Build.0 = Debug|Any CPU
		{8AFDBABB-1AF3-405C-B11A-C10BA4AE1F21}.Debug|x64.ActiveCfg = Debug|Any CPU
		{8AFDBABB-1AF3-405C-B11A-C10BA4AE1F21}.Debug|x64.Build.0 = Debug|Any CPU
		{8AFDBABB-1AF3-405C-B11A-C10BA4AE1F21}.Debug|x86.ActiveCfg = Debug|x86
		{8AFDBABB-1AF3-405C-B11A-C10BA4AE1F21}.Debug|x86.Build.0 = Debug|x86
		{8AFDBABB-1AF3-405C-B11A-C10BA4AE1F21}.Release|Any CPU.ActiveCfg = Release|Any CPU
		{8AFDBABB-1AF3-405C-B11A-C10BA4AE1F21}.Release|Any CPU.Build.0 = Release|Any CPU
		{8AFDBABB-1AF3-405C-B11A-C10BA4AE1F21}.Release|x64.ActiveCfg = Release|Any CPU
		{8AFDBABB-1AF3-405C-B11A-C10BA4AE1F21}.Release|x64.Build.0 = Release|Any CPU
		{8AFDBABB-1AF3-405C-B11A-C10BA4AE1F21}.Release|x86.ActiveCfg = Release|x86
		{8AFDBABB-1AF3-405C-B11A-C10BA4AE1F21}.Release|x86.Build.0 = Release|x86
		{F0BBE37E-B4C0-4D3B-AAF0-524D39973622}.Debug|Any CPU.ActiveCfg = Debug|Any CPU
		{F0BBE37E-B4C0-4D3B-AAF0-524D39973622}.Debug|Any CPU.Build.0 = Debug|Any CPU
		{F0BBE37E-B4C0-4D3B-AAF0-524D39973622}.Debug|x64.ActiveCfg = Debug|Any CPU
		{F0BBE37E-B4C0-4D3B-AAF0-524D39973622}.Debug|x64.Build.0 = Debug|Any CPU
		{F0BBE37E-B4C0-4D3B-AAF0-524D39973622}.Debug|x86.ActiveCfg = Debug|x86
		{F0BBE37E-B4C0-4D3B-AAF0-524D39973622}.Debug|x86.Build.0 = Debug|x86
		{F0BBE37E-B4C0-4D3B-AAF0-524D39973622}.Release|Any CPU.ActiveCfg = Release|Any CPU
		{F0BBE37E-B4C0-4D3B-AAF0-524D39973622}.Release|Any CPU.Build.0 = Release|Any CPU
		{F0BBE37E-B4C0-4D3B-AAF0-524D39973622}.Release|x64.ActiveCfg = Release|Any CPU
		{F0BBE37E-B4C0-4D3B-AAF0-524D39973622}.Release|x64.Build.0 = Release|Any CPU
		{F0BBE37E-B4C0-4D3B-AAF0-524D39973622}.Release|x86.ActiveCfg = Release|x86
		{F0BBE37E-B4C0-4D3B-AAF0-524D39973622}.Release|x86.Build.0 = Release|x86
		{18A8E080-CFCE-4DD0-BD52-7C979195446E}.Debug|Any CPU.ActiveCfg = Debug|Any CPU
		{18A8E080-CFCE-4DD0-BD52-7C979195446E}.Debug|Any CPU.Build.0 = Debug|Any CPU
		{18A8E080-CFCE-4DD0-BD52-7C979195446E}.Debug|x64.ActiveCfg = Debug|x64
		{18A8E080-CFCE-4DD0-BD52-7C979195446E}.Debug|x64.Build.0 = Debug|x64
		{18A8E080-CFCE-4DD0-BD52-7C979195446E}.Debug|x86.ActiveCfg = Debug|x86
		{18A8E080-CFCE-4DD0-BD52-7C979195446E}.Debug|x86.Build.0 = Debug|x86
		{18A8E080-CFCE-4DD0-BD52-7C979195446E}.Release|Any CPU.ActiveCfg = Release|Any CPU
		{18A8E080-CFCE-4DD0-BD52-7C979195446E}.Release|Any CPU.Build.0 = Release|Any CPU
		{18A8E080-CFCE-4DD0-BD52-7C979195446E}.Release|x64.ActiveCfg = Release|x64
		{18A8E080-CFCE-4DD0-BD52-7C979195446E}.Release|x64.Build.0 = Release|x64
		{18A8E080-CFCE-4DD0-BD52-7C979195446E}.Release|x86.ActiveCfg = Release|x86
		{18A8E080-CFCE-4DD0-BD52-7C979195446E}.Release|x86.Build.0 = Release|x86
		{63AC44EE-28F1-47DC-B259-F8F47D5CB9C1}.Debug|Any CPU.ActiveCfg = Debug|Any CPU
		{63AC44EE-28F1-47DC-B259-F8F47D5CB9C1}.Debug|Any CPU.Build.0 = Debug|Any CPU
		{63AC44EE-28F1-47DC-B259-F8F47D5CB9C1}.Debug|x64.ActiveCfg = Debug|Any CPU
		{63AC44EE-28F1-47DC-B259-F8F47D5CB9C1}.Debug|x64.Build.0 = Debug|Any CPU
		{63AC44EE-28F1-47DC-B259-F8F47D5CB9C1}.Debug|x86.ActiveCfg = Debug|x86
		{63AC44EE-28F1-47DC-B259-F8F47D5CB9C1}.Debug|x86.Build.0 = Debug|x86
		{63AC44EE-28F1-47DC-B259-F8F47D5CB9C1}.Release|Any CPU.ActiveCfg = Release|Any CPU
		{63AC44EE-28F1-47DC-B259-F8F47D5CB9C1}.Release|Any CPU.Build.0 = Release|Any CPU
		{63AC44EE-28F1-47DC-B259-F8F47D5CB9C1}.Release|x64.ActiveCfg = Release|Any CPU
		{63AC44EE-28F1-47DC-B259-F8F47D5CB9C1}.Release|x64.Build.0 = Release|Any CPU
		{63AC44EE-28F1-47DC-B259-F8F47D5CB9C1}.Release|x86.ActiveCfg = Release|x86
		{63AC44EE-28F1-47DC-B259-F8F47D5CB9C1}.Release|x86.Build.0 = Release|x86
		{B805D508-C5EF-444D-A7B8-F67BFEB1CEA3}.Debug|Any CPU.ActiveCfg = Debug|Any CPU
		{B805D508-C5EF-444D-A7B8-F67BFEB1CEA3}.Debug|Any CPU.Build.0 = Debug|Any CPU
		{B805D508-C5EF-444D-A7B8-F67BFEB1CEA3}.Debug|x64.ActiveCfg = Debug|Any CPU
		{B805D508-C5EF-444D-A7B8-F67BFEB1CEA3}.Debug|x64.Build.0 = Debug|Any CPU
		{B805D508-C5EF-444D-A7B8-F67BFEB1CEA3}.Debug|x86.ActiveCfg = Debug|x86
		{B805D508-C5EF-444D-A7B8-F67BFEB1CEA3}.Debug|x86.Build.0 = Debug|x86
		{B805D508-C5EF-444D-A7B8-F67BFEB1CEA3}.Release|Any CPU.ActiveCfg = Release|Any CPU
		{B805D508-C5EF-444D-A7B8-F67BFEB1CEA3}.Release|Any CPU.Build.0 = Release|Any CPU
		{B805D508-C5EF-444D-A7B8-F67BFEB1CEA3}.Release|x64.ActiveCfg = Release|Any CPU
		{B805D508-C5EF-444D-A7B8-F67BFEB1CEA3}.Release|x64.Build.0 = Release|Any CPU
		{B805D508-C5EF-444D-A7B8-F67BFEB1CEA3}.Release|x86.ActiveCfg = Release|x86
		{B805D508-C5EF-444D-A7B8-F67BFEB1CEA3}.Release|x86.Build.0 = Release|x86
		{C359AF34-62FD-4637-B6FB-D82963300F75}.Debug|Any CPU.ActiveCfg = Debug|Any CPU
		{C359AF34-62FD-4637-B6FB-D82963300F75}.Debug|Any CPU.Build.0 = Debug|Any CPU
		{C359AF34-62FD-4637-B6FB-D82963300F75}.Debug|x64.ActiveCfg = Debug|Any CPU
		{C359AF34-62FD-4637-B6FB-D82963300F75}.Debug|x64.Build.0 = Debug|Any CPU
		{C359AF34-62FD-4637-B6FB-D82963300F75}.Debug|x86.ActiveCfg = Debug|x86
		{C359AF34-62FD-4637-B6FB-D82963300F75}.Debug|x86.Build.0 = Debug|x86
		{C359AF34-62FD-4637-B6FB-D82963300F75}.Release|Any CPU.ActiveCfg = Release|Any CPU
		{C359AF34-62FD-4637-B6FB-D82963300F75}.Release|Any CPU.Build.0 = Release|Any CPU
		{C359AF34-62FD-4637-B6FB-D82963300F75}.Release|x64.ActiveCfg = Release|Any CPU
		{C359AF34-62FD-4637-B6FB-D82963300F75}.Release|x64.Build.0 = Release|Any CPU
		{C359AF34-62FD-4637-B6FB-D82963300F75}.Release|x86.ActiveCfg = Release|x86
		{C359AF34-62FD-4637-B6FB-D82963300F75}.Release|x86.Build.0 = Release|x86
		{F0EE7763-439D-4752-AA0E-F8366DF2F29F}.Debug|Any CPU.ActiveCfg = Debug|Any CPU
		{F0EE7763-439D-4752-AA0E-F8366DF2F29F}.Debug|Any CPU.Build.0 = Debug|Any CPU
		{F0EE7763-439D-4752-AA0E-F8366DF2F29F}.Debug|x64.ActiveCfg = Debug|Any CPU
		{F0EE7763-439D-4752-AA0E-F8366DF2F29F}.Debug|x64.Build.0 = Debug|Any CPU
		{F0EE7763-439D-4752-AA0E-F8366DF2F29F}.Debug|x86.ActiveCfg = Debug|x86
		{F0EE7763-439D-4752-AA0E-F8366DF2F29F}.Debug|x86.Build.0 = Debug|x86
		{F0EE7763-439D-4752-AA0E-F8366DF2F29F}.Release|Any CPU.ActiveCfg = Release|Any CPU
		{F0EE7763-439D-4752-AA0E-F8366DF2F29F}.Release|Any CPU.Build.0 = Release|Any CPU
		{F0EE7763-439D-4752-AA0E-F8366DF2F29F}.Release|x64.ActiveCfg = Release|Any CPU
		{F0EE7763-439D-4752-AA0E-F8366DF2F29F}.Release|x64.Build.0 = Release|Any CPU
		{F0EE7763-439D-4752-AA0E-F8366DF2F29F}.Release|x86.ActiveCfg = Release|x86
		{F0EE7763-439D-4752-AA0E-F8366DF2F29F}.Release|x86.Build.0 = Release|x86
	EndGlobalSection
	GlobalSection(SolutionProperties) = preSolution
		HideSolutionNode = FALSE
	EndGlobalSection
EndGlobal
